
Microsoft Visual Studio Solution File, Format Version 12.00
# Visual Studio Version 17
VisualStudioVersion = 17.2.32616.157
MinimumVisualStudioVersion = 10.0.40219.1
Project("{FAE04EC0-301F-11D3-BF4B-00C04F79EFBC}") = "JobPortalSystem", "Job Portal System\JobPortalSystem.csproj", "{1B280973-981B-4A76-BFA7-6F331B00F526}"
EndProject
Global
	GlobalSection(SolutionConfigurationPlatforms) = preSolution
		Debug|Any CPU = Debug|Any CPU
		Release|Any CPU = Release|Any CPU
	EndGlobalSection
	GlobalSection(ProjectConfigurationPlatforms) = postSolution
		{1B280973-981B-4A76-BFA7-6F331B00F526}.Debug|Any CPU.ActiveCfg = Debug|Any CPU
		{1B280973-981B-4A76-BFA7-6F331B00F526}.Debug|Any CPU.Build.0 = Debug|Any CPU
		{1B280973-981B-4A76-BFA7-6F331B00F526}.Release|Any CPU.ActiveCfg = Release|Any CPU
		{1B280973-981B-4A76-BFA7-6F331B00F526}.Release|Any CPU.Build.0 = Release|Any CPU
	EndGlobalSection
	GlobalSection(SolutionProperties) = preSolution
		HideSolutionNode = FALSE
	EndGlobalSection
	GlobalSection(ExtensibilityGlobals) = postSolution
		SolutionGuid = {7C70C6EB-9A49-4D4F-A8AC-F6F2BAA99BA4}
	EndGlobalSection
EndGlobal
